<?xml version="1.0" encoding="utf-8"?>
<Project ToolsVersion="4.0" xmlns="http://schemas.microsoft.com/developer/msbuild/2003">
  <ItemGroup>
    <Filter Include="Source Files">
      <UniqueIdentifier>{4FC737F1-C7A5-4376-A066-2A32D752A2FF}</UniqueIdentifier>
      <Extensions>cpp;c;cc;cxx;c++;cppm;ixx;def;odl;idl;hpj;bat;asm;asmx</Extensions>
    </Filter>
    <Filter Include="Header Files">
      <UniqueIdentifier>{93995380-89BD-4b04-88EB-625FBE52EBFB}</UniqueIdentifier>
      <Extensions>h;hh;hpp;hxx;h++;hm;inl;inc;ipp;xsd</Extensions>
    </Filter>
    <Filter Include="Resource Files">
      <UniqueIdentifier>{67DA6AB6-F800-4c08-8B7A-83BB121AAD01}</UniqueIdentifier>
      <Extensions>rc;ico;cur;bmp;dlg;rc2;rct;bin;rgs;gif;jpg;jpeg;jpe;resx;tiff;tif;png;wav;mfcribbon-ms</Extensions>
    </Filter>
    <Filter Include="Source Files\Engine">
      <UniqueIdentifier>{a541e637-131a-441c-8579-5ad32eca4b53}</UniqueIdentifier>
    </Filter>
    <Filter Include="Source Files\Engine\Rendering">
      <UniqueIdentifier>{b66a557f-2a12-463f-a4db-6ebf0759e4cb}</UniqueIdentifier>
    </Filter>
    <Filter Include="Source Files\Engine\Math">
      <UniqueIdentifier>{35df6183-5f1c-45bd-8b9f-05f7582061af}</UniqueIdentifier>
    </Filter>
    <Filter Include="Source Files\Engine\Math\Util">
      <UniqueIdentifier>{dc77e97c-6795-4a97-8824-e8ce04f85e21}</UniqueIdentifier>
    </Filter>
    <Filter Include="Source Files\Display">
      <UniqueIdentifier>{d977153a-44b0-4372-ad68-2a1af9bd47a9}</UniqueIdentifier>
    </Filter>
  </ItemGroup>
  <ItemGroup>
    <ClInclude Include="Quaternion.hpp">
      <Filter>Source Files\Engine\Math</Filter>
    </ClInclude>
    <ClInclude Include="Angle.hpp">
      <Filter>Source Files\Engine\Math</Filter>
    </ClInclude>
    <ClInclude Include="Vertex.hpp">
      <Filter>Source Files\Engine\Rendering</Filter>
    </ClInclude>
    <ClInclude Include="FrameBuffer.hpp">
      <Filter>Source Files\Display</Filter>
    </ClInclude>
    <ClInclude Include="Color.hpp">
      <Filter>Source Files\Display</Filter>
    </ClInclude>
    <ClInclude Include="AbstractFrameBufferRenderer.hpp">
      <Filter>Source Files\Display</Filter>
    </ClInclude>
    <ClInclude Include="Model.hpp">
      <Filter>Source Files\Engine\Rendering</Filter>
    </ClInclude>
    <ClInclude Include="AbstractMesh.hpp">
      <Filter>Source Files\Engine\Rendering</Filter>
    </ClInclude>
    <ClInclude Include="StaticMesh.hpp">
      <Filter>Source Files\Engine\Rendering</Filter>
    </ClInclude>
    <ClInclude Include="ConsoleManager.hpp">
      <Filter>Source Files\Display</Filter>
    </ClInclude>
    <ClInclude Include="Win10ConsoleFrameBufferRenderer.hpp">
      <Filter>Source Files\Display</Filter>
    </ClInclude>
    <ClInclude Include="GreyscaleFrameBufferRenderer.hpp">
      <Filter>Source Files\Display</Filter>
    </ClInclude>
    <ClInclude Include="AbstractRasterizer.hpp">
      <Filter>Source Files\Engine\Rendering</Filter>
    </ClInclude>
    <ClInclude Include="Transform.hpp">
      <Filter>Source Files\Engine\Rendering</Filter>
    </ClInclude>
    <ClInclude Include="BarycentricRasterizer.hpp">
      <Filter>Source Files\Engine\Rendering</Filter>
    </ClInclude>
    <ClInclude Include="Vector3.hpp">
      <Filter>Source Files\Engine\Math</Filter>
    </ClInclude>
    <ClInclude Include="Vector2.hpp">
      <Filter>Source Files\Engine\Math</Filter>
    </ClInclude>
    <ClInclude Include="Matrix4.hpp">
      <Filter>Source Files\Engine\Math</Filter>
    </ClInclude>
    <ClInclude Include="Point2.hpp">
      <Filter>Source Files\Engine\Math</Filter>
    </ClInclude>
  </ItemGroup>
  <ItemGroup>
    <ClCompile Include="Consol3.cpp">
      <Filter>Source Files</Filter>
    </ClCompile>
    <ClCompile Include="Angle.cpp">
      <Filter>Source Files\Engine\Math</Filter>
    </ClCompile>
    <ClCompile Include="MathUtil.hpp">
      <Filter>Source Files\Engine\Math\Util</Filter>
    </ClCompile>
    <ClCompile Include="Quaternion.cpp">
      <Filter>Source Files\Engine\Math</Filter>
    </ClCompile>
    <ClCompile Include="FrameBuffer.cpp">
      <Filter>Source Files\Display</Filter>
    </ClCompile>
    <ClCompile Include="Win10ConsoleFrameBufferRenderer.cpp">
      <Filter>Source Files\Display</Filter>
    </ClCompile>
    <ClCompile Include="Vertex.cpp">
      <Filter>Source Files\Engine\Rendering</Filter>
    </ClCompile>
    <ClCompile Include="Model.cpp">
      <Filter>Source Files\Engine\Rendering</Filter>
    </ClCompile>
    <ClCompile Include="AbstractMesh.cpp">
      <Filter>Source Files\Engine\Rendering</Filter>
    </ClCompile>
    <ClCompile Include="StaticMesh.cpp">
      <Filter>Source Files\Engine\Rendering</Filter>
    </ClCompile>
    <ClCompile Include="ConsoleManager.cpp">
      <Filter>Source Files\Display</Filter>
    </ClCompile>
    <ClCompile Include="GreyscaleFrameBufferRenderer.cpp">
      <Filter>Source Files\Display</Filter>
    </ClCompile>
    <ClCompile Include="Transform.cpp">
      <Filter>Source Files\Engine\Rendering</Filter>
    </ClCompile>
    <ClCompile Include="BarycentricRasterizer.cpp">
      <Filter>Source Files\Engine\Rendering</Filter>
    </ClCompile>
    <ClCompile Include="Vector3.cpp">
      <Filter>Source Files\Engine\Math</Filter>
    </ClCompile>
    <ClCompile Include="Vector2.cpp">
      <Filter>Source Files\Engine\Math</Filter>
    </ClCompile>
    <ClCompile Include="Matrix4.cpp">
      <Filter>Source Files\Engine\Math</Filter>
    </ClCompile>
  </ItemGroup>
</Project>